
Microsoft Visual Studio Solution File, Format Version 12.00
# Visual Studio Version 17
VisualStudioVersion = 17.5.33414.496
MinimumVisualStudioVersion = 10.0.40219.1
Project("{8BC9CEB8-8B4A-11D0-8D11-00A0C91BC942}") = "Multi Pewarisan(inheritance)", "Paradgima OOP 2\Paradgima OOP 2.vcxproj", "{346D2C1B-7D5D-4341-A282-55F4F41E9136}"
EndProject
Project("{8BC9CEB8-8B4A-11D0-8D11-00A0C91BC942}") = "Problem Multi Warisan", "Problem Multi Warisan\Problem Multi Warisan.vcxproj", "{C4C48CDE-D7B8-452A-9075-CBDA3C92B4D6}"
EndProject
Project("{8BC9CEB8-8B4A-11D0-8D11-00A0C91BC942}") = "Solve MultiWaris", "Solve MultiWaris\Solve MultiWaris.vcxproj", "{356D193F-90E7-4195-B2B0-698EC27FDBB4}"
EndProject
Project("{8BC9CEB8-8B4A-11D0-8D11-00A0C91BC942}") = "Polymorpi", "Polymorpi\Polymorpi.vcxproj", "{0D0036D0-88B6-4D30-9F21-BD44DEB7B573}"
EndProject
Project("{8BC9CEB8-8B4A-11D0-8D11-00A0C91BC942}") = "NoOverriding", "NoOverriding\NoOverriding.vcxproj", "{8ED71B85-A39A-4D62-A602-61546DDFA976}"
EndProject
Project("{8BC9CEB8-8B4A-11D0-8D11-00A0C91BC942}") = "NoPewarisan", "NoPewarisan\NoPewarisan.vcxproj", "{55B395FA-C9BE-4231-8C11-C349D68565E2}"
EndProject
Project("{8BC9CEB8-8B4A-11D0-8D11-00A0C91BC942}") = "Enkapsulasi (menyembunyikan data)", "Enkapsulasi (menyembunyikan data)\Enkapsulasi (menyembunyikan data).vcxproj", "{C058E6F8-090E-422F-9D22-F5FB62B5A252}"
EndProject
Project("{8BC9CEB8-8B4A-11D0-8D11-00A0C91BC942}") = "Abstraksi", "Abstraksi\Abstraksi.vcxproj", "{A989E402-7AB3-42EB-A336-CF9C83BB2D7C}"
EndProject
Global
	GlobalSection(SolutionConfigurationPlatforms) = preSolution
		Debug|x64 = Debug|x64
		Debug|x86 = Debug|x86
		Release|x64 = Release|x64
		Release|x86 = Release|x86
	EndGlobalSection
	GlobalSection(ProjectConfigurationPlatforms) = postSolution
		{346D2C1B-7D5D-4341-A282-55F4F41E9136}.Debug|x64.ActiveCfg = Debug|x64
		{346D2C1B-7D5D-4341-A282-55F4F41E9136}.Debug|x64.Build.0 = Debug|x64
		{346D2C1B-7D5D-4341-A282-55F4F41E9136}.Debug|x86.ActiveCfg = Debug|Win32
		{346D2C1B-7D5D-4341-A282-55F4F41E9136}.Debug|x86.Build.0 = Debug|Win32
		{346D2C1B-7D5D-4341-A282-55F4F41E9136}.Release|x64.ActiveCfg = Release|x64
		{346D2C1B-7D5D-4341-A282-55F4F41E9136}.Release|x64.Build.0 = Release|x64
		{346D2C1B-7D5D-4341-A282-55F4F41E9136}.Release|x86.ActiveCfg = Release|Win32
		{346D2C1B-7D5D-4341-A282-55F4F41E9136}.Release|x86.Build.0 = Release|Win32
		{C4C48CDE-D7B8-452A-9075-CBDA3C92B4D6}.Debug|x64.ActiveCfg = Debug|x64
		{C4C48CDE-D7B8-452A-9075-CBDA3C92B4D6}.Debug|x64.Build.0 = Debug|x64
		{C4C48CDE-D7B8-452A-9075-CBDA3C92B4D6}.Debug|x86.ActiveCfg = Debug|Win32
		{C4C48CDE-D7B8-452A-9075-CBDA3C92B4D6}.Debug|x86.Build.0 = Debug|Win32
		{C4C48CDE-D7B8-452A-9075-CBDA3C92B4D6}.Release|x64.ActiveCfg = Release|x64
		{C4C48CDE-D7B8-452A-9075-CBDA3C92B4D6}.Release|x64.Build.0 = Release|x64
		{C4C48CDE-D7B8-452A-9075-CBDA3C92B4D6}.Release|x86.ActiveCfg = Release|Win32
		{C4C48CDE-D7B8-452A-9075-CBDA3C92B4D6}.Release|x86.Build.0 = Release|Win32
		{356D193F-90E7-4195-B2B0-698EC27FDBB4}.Debug|x64.ActiveCfg = Debug|x64
		{356D193F-90E7-4195-B2B0-698EC27FDBB4}.Debug|x64.Build.0 = Debug|x64
		{356D193F-90E7-4195-B2B0-698EC27FDBB4}.Debug|x86.ActiveCfg = Debug|Win32
		{356D193F-90E7-4195-B2B0-698EC27FDBB4}.Debug|x86.Build.0 = Debug|Win32
		{356D193F-90E7-4195-B2B0-698EC27FDBB4}.Release|x64.ActiveCfg = Release|x64
		{356D193F-90E7-4195-B2B0-698EC27FDBB4}.Release|x64.Build.0 = Release|x64
		{356D193F-90E7-4195-B2B0-698EC27FDBB4}.Release|x86.ActiveCfg = Release|Win32
		{356D193F-90E7-4195-B2B0-698EC27FDBB4}.Release|x86.Build.0 = Release|Win32
		{0D0036D0-88B6-4D30-9F21-BD44DEB7B573}.Debug|x64.ActiveCfg = Debug|x64
		{0D0036D0-88B6-4D30-9F21-BD44DEB7B573}.Debug|x64.Build.0 = Debug|x64
		{0D0036D0-88B6-4D30-9F21-BD44DEB7B573}.Debug|x86.ActiveCfg = Debug|Win32
		{0D0036D0-88B6-4D30-9F21-BD44DEB7B573}.Debug|x86.Build.0 = Debug|Win32
		{0D0036D0-88B6-4D30-9F21-BD44DEB7B573}.Release|x64.ActiveCfg = Release|x64
		{0D0036D0-88B6-4D30-9F21-BD44DEB7B573}.Release|x64.Build.0 = Release|x64
		{0D0036D0-88B6-4D30-9F21-BD44DEB7B573}.Release|x86.ActiveCfg = Release|Win32
		{0D0036D0-88B6-4D30-9F21-BD44DEB7B573}.Release|x86.Build.0 = Release|Win32
		{8ED71B85-A39A-4D62-A602-61546DDFA976}.Debug|x64.ActiveCfg = Debug|x64
		{8ED71B85-A39A-4D62-A602-61546DDFA976}.Debug|x64.Build.0 = Debug|x64
		{8ED71B85-A39A-4D62-A602-61546DDFA976}.Debug|x86.ActiveCfg = Debug|Win32
		{8ED71B85-A39A-4D62-A602-61546DDFA976}.Debug|x86.Build.0 = Debug|Win32
		{8ED71B85-A39A-4D62-A602-61546DDFA976}.Release|x64.ActiveCfg = Release|x64
		{8ED71B85-A39A-4D62-A602-61546DDFA976}.Release|x64.Build.0 = Release|x64
		{8ED71B85-A39A-4D62-A602-61546DDFA976}.Release|x86.ActiveCfg = Release|Win32
		{8ED71B85-A39A-4D62-A602-61546DDFA976}.Release|x86.Build.0 = Release|Win32
		{55B395FA-C9BE-4231-8C11-C349D68565E2}.Debug|x64.ActiveCfg = Debug|x64
		{55B395FA-C9BE-4231-8C11-C349D68565E2}.Debug|x64.Build.0 = Debug|x64
		{55B395FA-C9BE-4231-8C11-C349D68565E2}.Debug|x86.ActiveCfg = Debug|Win32
		{55B395FA-C9BE-4231-8C11-C349D68565E2}.Debug|x86.Build.0 = Debug|Win32
		{55B395FA-C9BE-4231-8C11-C349D68565E2}.Release|x64.ActiveCfg = Release|x64
		{55B395FA-C9BE-4231-8C11-C349D68565E2}.Release|x64.Build.0 = Release|x64
		{55B395FA-C9BE-4231-8C11-C349D68565E2}.Release|x86.ActiveCfg = Release|Win32
		{55B395FA-C9BE-4231-8C11-C349D68565E2}.Release|x86.Build.0 = Release|Win32
		{C058E6F8-090E-422F-9D22-F5FB62B5A252}.Debug|x64.ActiveCfg = Debug|x64
		{C058E6F8-090E-422F-9D22-F5FB62B5A252}.Debug|x64.Build.0 = Debug|x64
		{C058E6F8-090E-422F-9D22-F5FB62B5A252}.Debug|x86.ActiveCfg = Debug|Win32
		{C058E6F8-090E-422F-9D22-F5FB62B5A252}.Debug|x86.Build.0 = Debug|Win32
		{C058E6F8-090E-422F-9D22-F5FB62B5A252}.Release|x64.ActiveCfg = Release|x64
		{C058E6F8-090E-422F-9D22-F5FB62B5A252}.Release|x64.Build.0 = Release|x64
		{C058E6F8-090E-422F-9D22-F5FB62B5A252}.Release|x86.ActiveCfg = Release|Win32
		{C058E6F8-090E-422F-9D22-F5FB62B5A252}.Release|x86.Build.0 = Release|Win32
		{A989E402-7AB3-42EB-A336-CF9C83BB2D7C}.Debug|x64.ActiveCfg = Debug|x64
		{A989E402-7AB3-42EB-A336-CF9C83BB2D7C}.Debug|x64.Build.0 = Debug|x64
		{A989E402-7AB3-42EB-A336-CF9C83BB2D7C}.Debug|x86.ActiveCfg = Debug|Win32
		{A989E402-7AB3-42EB-A336-CF9C83BB2D7C}.Debug|x86.Build.0 = Debug|Win32
		{A989E402-7AB3-42EB-A336-CF9C83BB2D7C}.Release|x64.ActiveCfg = Release|x64
		{A989E402-7AB3-42EB-A336-CF9C83BB2D7C}.Release|x64.Build.0 = Release|x64
		{A989E402-7AB3-42EB-A336-CF9C83BB2D7C}.Release|x86.ActiveCfg = Release|Win32
		{A989E402-7AB3-42EB-A336-CF9C83BB2D7C}.Release|x86.Build.0 = Release|Win32
	EndGlobalSection
	GlobalSection(SolutionProperties) = preSolution
		HideSolutionNode = FALSE
	EndGlobalSection
	GlobalSection(ExtensibilityGlobals) = postSolution
		SolutionGuid = {81718BE6-F409-4748-BE5A-F7857273E076}
	EndGlobalSection
EndGlobal
